// !$*UTF8*$!
{
	archiveVersion = 1;
	classes = {
	};
	objectVersion = 55;
	objects = {

/* Begin PBXBuildFile section */
		D199B93927FE1EB600FF772F /* Tests_iOS.swift in Sources */ = {isa = PBXBuildFile; fileRef = D199B93827FE1EB600FF772F /* Tests_iOS.swift */; };
		D199B93B27FE1EB600FF772F /* Tests_iOSLaunchTests.swift in Sources */ = {isa = PBXBuildFile; fileRef = D199B93A27FE1EB600FF772F /* Tests_iOSLaunchTests.swift */; };
		D199B94527FE1EB600FF772F /* Tests_macOS.swift in Sources */ = {isa = PBXBuildFile; fileRef = D199B94427FE1EB600FF772F /* Tests_macOS.swift */; };
		D199B94727FE1EB600FF772F /* Tests_macOSLaunchTests.swift in Sources */ = {isa = PBXBuildFile; fileRef = D199B94627FE1EB600FF772F /* Tests_macOSLaunchTests.swift */; };
		D199B94827FE1EB600FF772F /* SwiftUiCounterApp.swift in Sources */ = {isa = PBXBuildFile; fileRef = D199B92027FE1EB500FF772F /* SwiftUiCounterApp.swift */; };
		D199B94927FE1EB600FF772F /* SwiftUiCounterApp.swift in Sources */ = {isa = PBXBuildFile; fileRef = D199B92027FE1EB500FF772F /* SwiftUiCounterApp.swift */; };
		D199B94A27FE1EB600FF772F /* ContentView.swift in Sources */ = {isa = PBXBuildFile; fileRef = D199B92127FE1EB500FF772F /* ContentView.swift */; };
		D199B94B27FE1EB600FF772F /* ContentView.swift in Sources */ = {isa = PBXBuildFile; fileRef = D199B92127FE1EB500FF772F /* ContentView.swift */; };
		D199B94C27FE1EB600FF772F /* Assets.xcassets in Resources */ = {isa = PBXBuildFile; fileRef = D199B92227FE1EB600FF772F /* Assets.xcassets */; };
		D199B94D27FE1EB600FF772F /* Assets.xcassets in Resources */ = {isa = PBXBuildFile; fileRef = D199B92227FE1EB600FF772F /* Assets.xcassets */; };
		D199B95E27FE204C00FF772F /* DevicePreviews.swift in Sources */ = {isa = PBXBuildFile; fileRef = D199B95D27FE204C00FF772F /* DevicePreviews.swift */; };
/* End PBXBuildFile section */

/* Begin PBXContainerItemProxy section */
		D199B93527FE1EB600FF772F /* PBXContainerItemProxy */ = {
			isa = PBXContainerItemProxy;
			containerPortal = D199B91B27FE1EB400FF772F /* Project object */;
			proxyType = 1;
			remoteGlobalIDString = D199B92627FE1EB600FF772F;
			remoteInfo = "SwiftUiCounter (iOS)";
		};
		D199B94127FE1EB600FF772F /* PBXContainerItemProxy */ = {
			isa = PBXContainerItemProxy;
			containerPortal = D199B91B27FE1EB400FF772F /* Project object */;
			proxyType = 1;
			remoteGlobalIDString = D199B92C27FE1EB600FF772F;
			remoteInfo = "SwiftUiCounter (macOS)";
		};
/* End PBXContainerItemProxy section */

/* Begin PBXFileReference section */
		D199B92027FE1EB500FF772F /* SwiftUiCounterApp.swift */ = {isa = PBXFileReference; lastKnownFileType = sourcecode.swift; path = SwiftUiCounterApp.swift; sourceTree = "<group>"; };
		D199B92127FE1EB500FF772F /* ContentView.swift */ = {isa = PBXFileReference; lastKnownFileType = sourcecode.swift; path = ContentView.swift; sourceTree = "<group>"; };
		D199B92227FE1EB600FF772F /* Assets.xcassets */ = {isa = PBXFileReference; lastKnownFileType = folder.assetcatalog; path = Assets.xcassets; sourceTree = "<group>"; };
		D199B92727FE1EB600FF772F /* SwiftUiCounter.app */ = {isa = PBXFileReference; explicitFileType = wrapper.application; includeInIndex = 0; path = SwiftUiCounter.app; sourceTree = BUILT_PRODUCTS_DIR; };
		D199B92D27FE1EB600FF772F /* SwiftUiCounter.app */ = {isa = PBXFileReference; explicitFileType = wrapper.application; includeInIndex = 0; path = SwiftUiCounter.app; sourceTree = BUILT_PRODUCTS_DIR; };
		D199B92F27FE1EB600FF772F /* macOS.entitlements */ = {isa = PBXFileReference; lastKnownFileType = text.plist.entitlements; path = macOS.entitlements; sourceTree = "<group>"; };
		D199B93427FE1EB600FF772F /* Tests iOS.xctest */ = {isa = PBXFileReference; explicitFileType = wrapper.cfbundle; includeInIndex = 0; path = "Tests iOS.xctest"; sourceTree = BUILT_PRODUCTS_DIR; };
		D199B93827FE1EB600FF772F /* Tests_iOS.swift */ = {isa = PBXFileReference; lastKnownFileType = sourcecode.swift; path = Tests_iOS.swift; sourceTree = "<group>"; };
		D199B93A27FE1EB600FF772F /* Tests_iOSLaunchTests.swift */ = {isa = PBXFileReference; lastKnownFileType = sourcecode.swift; path = Tests_iOSLaunchTests.swift; sourceTree = "<group>"; };
		D199B94027FE1EB600FF772F /* Tests macOS.xctest */ = {isa = PBXFileReference; explicitFileType = wrapper.cfbundle; includeInIndex = 0; path = "Tests macOS.xctest"; sourceTree = BUILT_PRODUCTS_DIR; };
		D199B94427FE1EB600FF772F /* Tests_macOS.swift */ = {isa = PBXFileReference; lastKnownFileType = sourcecode.swift; path = Tests_macOS.swift; sourceTree = "<group>"; };
		D199B94627FE1EB600FF772F /* Tests_macOSLaunchTests.swift */ = {isa = PBXFileReference; lastKnownFileType = sourcecode.swift; path = Tests_macOSLaunchTests.swift; sourceTree = "<group>"; };
		D199B95D27FE204C00FF772F /* DevicePreviews.swift */ = {isa = PBXFileReference; lastKnownFileType = sourcecode.swift; path = DevicePreviews.swift; sourceTree = "<group>"; };
		D199B95F27FE289B00FF772F /* README.md */ = {isa = PBXFileReference; lastKnownFileType = net.daringfireball.markdown; path = README.md; sourceTree = "<group>"; };
/* End PBXFileReference section */

/* Begin PBXFrameworksBuildPhase section */
		D199B92427FE1EB600FF772F /* Frameworks */ = {
			isa = PBXFrameworksBuildPhase;
			buildActionMask = 2147483647;
			files = (
			);
			runOnlyForDeploymentPostprocessing = 0;
		};
		D199B92A27FE1EB600FF772F /* Frameworks */ = {
			isa = PBXFrameworksBuildPhase;
			buildActionMask = 2147483647;
			files = (
			);
			runOnlyForDeploymentPostprocessing = 0;
		};
		D199B93127FE1EB600FF772F /* Frameworks */ = {
			isa = PBXFrameworksBuildPhase;
			buildActionMask = 2147483647;
			files = (
			);
			runOnlyForDeploymentPostprocessing = 0;
		};
		D199B93D27FE1EB600FF772F /* Frameworks */ = {
			isa = PBXFrameworksBuildPhase;
			buildActionMask = 2147483647;
			files = (
			);
			runOnlyForDeploymentPostprocessing = 0;
		};
/* End PBXFrameworksBuildPhase section */

/* Begin PBXGroup section */
		D199B91A27FE1EB400FF772F = {
			isa = PBXGroup;
			children = (
				D199B95F27FE289B00FF772F /* README.md */,
				D199B91F27FE1EB500FF772F /* Shared */,
				D199B92E27FE1EB600FF772F /* macOS */,
				D199B93727FE1EB600FF772F /* Tests iOS */,
				D199B94327FE1EB600FF772F /* Tests macOS */,
				D199B92827FE1EB600FF772F /* Products */,
			);
			sourceTree = "<group>";
		};
		D199B91F27FE1EB500FF772F /* Shared */ = {
			isa = PBXGroup;
			children = (
				D199B95C27FE203300FF772F /* Utils */,
				D199B92027FE1EB500FF772F /* SwiftUiCounterApp.swift */,
				D199B92127FE1EB500FF772F /* ContentView.swift */,
				D199B92227FE1EB600FF772F /* Assets.xcassets */,
			);
			path = Shared;
			sourceTree = "<group>";
		};
		D199B92827FE1EB600FF772F /* Products */ = {
			isa = PBXGroup;
			children = (
				D199B92727FE1EB600FF772F /* SwiftUiCounter.app */,
				D199B92D27FE1EB600FF772F /* SwiftUiCounter.app */,
				D199B93427FE1EB600FF772F /* Tests iOS.xctest */,
				D199B94027FE1EB600FF772F /* Tests macOS.xctest */,
			);
			name = Products;
			sourceTree = "<group>";
		};
		D199B92E27FE1EB600FF772F /* macOS */ = {
			isa = PBXGroup;
			children = (
				D199B92F27FE1EB600FF772F /* macOS.entitlements */,
			);
			path = macOS;
			sourceTree = "<group>";
		};
		D199B93727FE1EB600FF772F /* Tests iOS */ = {
			isa = PBXGroup;
			children = (
				D199B93827FE1EB600FF772F /* Tests_iOS.swift */,
				D199B93A27FE1EB600FF772F /* Tests_iOSLaunchTests.swift */,
			);
			path = "Tests iOS";
			sourceTree = "<group>";
		};
		D199B94327FE1EB600FF772F /* Tests macOS */ = {
			isa = PBXGroup;
			children = (
				D199B94427FE1EB600FF772F /* Tests_macOS.swift */,
				D199B94627FE1EB600FF772F /* Tests_macOSLaunchTests.swift */,
			);
			path = "Tests macOS";
			sourceTree = "<group>";
		};
		D199B95C27FE203300FF772F /* Utils */ = {
			isa = PBXGroup;
			children = (
				D199B95D27FE204C00FF772F /* DevicePreviews.swift */,
			);
			path = Utils;
			sourceTree = "<group>";
		};
/* End PBXGroup section */

/* Begin PBXNativeTarget section */
		D199B92627FE1EB600FF772F /* SwiftUiCounter (iOS) */ = {
			isa = PBXNativeTarget;
			buildConfigurationList = D199B95027FE1EB600FF772F /* Build configuration list for PBXNativeTarget "SwiftUiCounter (iOS)" */;
			buildPhases = (
				D199B92327FE1EB600FF772F /* Sources */,
				D199B92427FE1EB600FF772F /* Frameworks */,
				D199B92527FE1EB600FF772F /* Resources */,
			);
			buildRules = (
			);
			dependencies = (
			);
			name = "SwiftUiCounter (iOS)";
			productName = "SwiftUiCounter (iOS)";
			productReference = D199B92727FE1EB600FF772F /* SwiftUiCounter.app */;
			productType = "com.apple.product-type.application";
		};
		D199B92C27FE1EB600FF772F /* SwiftUiCounter (macOS) */ = {
			isa = PBXNativeTarget;
			buildConfigurationList = D199B95327FE1EB600FF772F /* Build configuration list for PBXNativeTarget "SwiftUiCounter (macOS)" */;
			buildPhases = (
				D199B92927FE1EB600FF772F /* Sources */,
				D199B92A27FE1EB600FF772F /* Frameworks */,
				D199B92B27FE1EB600FF772F /* Resources */,
			);
			buildRules = (
			);
			dependencies = (
			);
			name = "SwiftUiCounter (macOS)";
			productName = "SwiftUiCounter (macOS)";
			productReference = D199B92D27FE1EB600FF772F /* SwiftUiCounter.app */;
			productType = "com.apple.product-type.application";
		};
		D199B93327FE1EB600FF772F /* Tests iOS */ = {
			isa = PBXNativeTarget;
			buildConfigurationList = D199B95627FE1EB600FF772F /* Build configuration list for PBXNativeTarget "Tests iOS" */;
			buildPhases = (
				D199B93027FE1EB600FF772F /* Sources */,
				D199B93127FE1EB600FF772F /* Frameworks */,
				D199B93227FE1EB600FF772F /* Resources */,
			);
			buildRules = (
			);
			dependencies = (
				D199B93627FE1EB600FF772F /* PBXTargetDependency */,
			);
			name = "Tests iOS";
			productName = "Tests iOS";
			productReference = D199B93427FE1EB600FF772F /* Tests iOS.xctest */;
			productType = "com.apple.product-type.bundle.ui-testing";
		};
		D199B93F27FE1EB600FF772F /* Tests macOS */ = {
			isa = PBXNativeTarget;
			buildConfigurationList = D199B95927FE1EB600FF772F /* Build configuration list for PBXNativeTarget "Tests macOS" */;
			buildPhases = (
				D199B93C27FE1EB600FF772F /* Sources */,
				D199B93D27FE1EB600FF772F /* Frameworks */,
				D199B93E27FE1EB600FF772F /* Resources */,
			);
			buildRules = (
			);
			dependencies = (
				D199B94227FE1EB600FF772F /* PBXTargetDependency */,
			);
			name = "Tests macOS";
			productName = "Tests macOS";
			productReference = D199B94027FE1EB600FF772F /* Tests macOS.xctest */;
			productType = "com.apple.product-type.bundle.ui-testing";
		};
/* End PBXNativeTarget section */

/* Begin PBXProject section */
		D199B91B27FE1EB400FF772F /* Project object */ = {
			isa = PBXProject;
			attributes = {
				BuildIndependentTargetsInParallel = 1;
				LastSwiftUpdateCheck = 1330;
				LastUpgradeCheck = 1330;
				TargetAttributes = {
					D199B92627FE1EB600FF772F = {
						CreatedOnToolsVersion = 13.3;
					};
					D199B92C27FE1EB600FF772F = {
						CreatedOnToolsVersion = 13.3;
					};
					D199B93327FE1EB600FF772F = {
						CreatedOnToolsVersion = 13.3;
						TestTargetID = D199B92627FE1EB600FF772F;
					};
					D199B93F27FE1EB600FF772F = {
						CreatedOnToolsVersion = 13.3;
						TestTargetID = D199B92C27FE1EB600FF772F;
					};
				};
			};
			buildConfigurationList = D199B91E27FE1EB400FF772F /* Build configuration list for PBXProject "SwiftUiCounter" */;
			compatibilityVersion = "Xcode 13.0";
			developmentRegion = en;
			hasScannedForEncodings = 0;
			knownRegions = (
				en,
				Base,
			);
			mainGroup = D199B91A27FE1EB400FF772F;
			productRefGroup = D199B92827FE1EB600FF772F /* Products */;
			projectDirPath = "";
			projectRoot = "";
			targets = (
				D199B92627FE1EB600FF772F /* SwiftUiCounter (iOS) */,
				D199B92C27FE1EB600FF772F /* SwiftUiCounter (macOS) */,
				D199B93327FE1EB600FF772F /* Tests iOS */,
				D199B93F27FE1EB600FF772F /* Tests macOS */,
			);
		};
/* End PBXProject section */

/* Begin PBXResourcesBuildPhase section */
		D199B92527FE1EB600FF772F /* Resources */ = {
			isa = PBXResourcesBuildPhase;
			buildActionMask = 2147483647;
			files = (
				D199B94C27FE1EB600FF772F /* Assets.xcassets in Resources */,
			);
			runOnlyForDeploymentPostprocessing = 0;
		};
		D199B92B27FE1EB600FF772F /* Resources */ = {
			isa = PBXResourcesBuildPhase;
			buildActionMask = 2147483647;
			files = (
				D199B94D27FE1EB600FF772F /* Assets.xcassets in Resources */,
			);
			runOnlyForDeploymentPostprocessing = 0;
		};
		D199B93227FE1EB600FF772F /* Resources */ = {
			isa = PBXResourcesBuildPhase;
			buildActionMask = 2147483647;
			files = (
			);
			runOnlyForDeploymentPostprocessing = 0;
		};
		D199B93E27FE1EB600FF772F /* Resources */ = {
			isa = PBXResourcesBuildPhase;
			buildActionMask = 2147483647;
			files = (
			);
			runOnlyForDeploymentPostprocessing = 0;
		};
/* End PBXResourcesBuildPhase section */

/* Begin PBXSourcesBuildPhase section */
		D199B92327FE1EB600FF772F /* Sources */ = {
			isa = PBXSourcesBuildPhase;
			buildActionMask = 2147483647;
			files = (
				D199B94A27FE1EB600FF772F /* ContentView.swift in Sources */,
				D199B95E27FE204C00FF772F /* DevicePreviews.swift in Sources */,
				D199B94827FE1EB600FF772F /* SwiftUiCounterApp.swift in Sources */,
			);
			runOnlyForDeploymentPostprocessing = 0;
		};
		D199B92927FE1EB600FF772F /* Sources */ = {
			isa = PBXSourcesBuildPhase;
			buildActionMask = 2147483647;
			files = (
				D199B94B27FE1EB600FF772F /* ContentView.swift in Sources */,
				D199B94927FE1EB600FF772F /* SwiftUiCounterApp.swift in Sources */,
			);
			runOnlyForDeploymentPostprocessing = 0;
		};
		D199B93027FE1EB600FF772F /* Sources */ = {
			isa = PBXSourcesBuildPhase;
			buildActionMask = 2147483647;
			files = (
				D199B93B27FE1EB600FF772F /* Tests_iOSLaunchTests.swift in Sources */,
				D199B93927FE1EB600FF772F /* Tests_iOS.swift in Sources */,
			);
			runOnlyForDeploymentPostprocessing = 0;
		};
		D199B93C27FE1EB600FF772F /* Sources */ = {
			isa = PBXSourcesBuildPhase;
			buildActionMask = 2147483647;
			files = (
				D199B94727FE1EB600FF772F /* Tests_macOSLaunchTests.swift in Sources */,
				D199B94527FE1EB600FF772F /* Tests_macOS.swift in Sources */,
			);
			runOnlyForDeploymentPostprocessing = 0;
		};
/* End PBXSourcesBuildPhase section */

/* Begin PBXTargetDependency section */
		D199B93627FE1EB600FF772F /* PBXTargetDependency */ = {
			isa = PBXTargetDependency;
			target = D199B92627FE1EB600FF772F /* SwiftUiCounter (iOS) */;
			targetProxy = D199B93527FE1EB600FF772F /* PBXContainerItemProxy */;
		};
		D199B94227FE1EB600FF772F /* PBXTargetDependency */ = {
			isa = PBXTargetDependency;
			target = D199B92C27FE1EB600FF772F /* SwiftUiCounter (macOS) */;
			targetProxy = D199B94127FE1EB600FF772F /* PBXContainerItemProxy */;
		};
/* End PBXTargetDependency section */

/* Begin XCBuildConfiguration section */
		D199B94E27FE1EB600FF772F /* Debug */ = {
			isa = XCBuildConfiguration;
			buildSettings = {
				ALWAYS_SEARCH_USER_PATHS = NO;
				CLANG_ANALYZER_NONNULL = YES;
				CLANG_ANALYZER_NUMBER_OBJECT_CONVERSION = YES_AGGRESSIVE;
				CLANG_CXX_LANGUAGE_STANDARD = "gnu++17";
				CLANG_ENABLE_MODULES = YES;
				CLANG_ENABLE_OBJC_ARC = YES;
				CLANG_ENABLE_OBJC_WEAK = YES;
				CLANG_WARN_BLOCK_CAPTURE_AUTORELEASING = YES;
				CLANG_WARN_BOOL_CONVERSION = YES;
				CLANG_WARN_COMMA = YES;
				CLANG_WARN_CONSTANT_CONVERSION = YES;
				CLANG_WARN_DEPRECATED_OBJC_IMPLEMENTATIONS = YES;
				CLANG_WARN_DIRECT_OBJC_ISA_USAGE = YES_ERROR;
				CLANG_WARN_DOCUMENTATION_COMMENTS = YES;
				CLANG_WARN_EMPTY_BODY = YES;
				CLANG_WARN_ENUM_CONVERSION = YES;
				CLANG_WARN_INFINITE_RECURSION = YES;
				CLANG_WARN_INT_CONVERSION = YES;
				CLANG_WARN_NON_LITERAL_NULL_CONVERSION = YES;
				CLANG_WARN_OBJC_IMPLICIT_RETAIN_SELF = YES;
				CLANG_WARN_OBJC_LITERAL_CONVERSION = YES;
				CLANG_WARN_OBJC_ROOT_CLASS = YES_ERROR;
				CLANG_WARN_QUOTED_INCLUDE_IN_FRAMEWORK_HEADER = YES;
				CLANG_WARN_RANGE_LOOP_ANALYSIS = YES;
				CLANG_WARN_STRICT_PROTOTYPES = YES;
				CLANG_WARN_SUSPICIOUS_MOVE = YES;
				CLANG_WARN_UNGUARDED_AVAILABILITY = YES_AGGRESSIVE;
				CLANG_WARN_UNREACHABLE_CODE = YES;
				CLANG_WARN__DUPLICATE_METHOD_MATCH = YES;
				COPY_PHASE_STRIP = NO;
				DEBUG_INFORMATION_FORMAT = dwarf;
				ENABLE_STRICT_OBJC_MSGSEND = YES;
				ENABLE_TESTABILITY = YES;
				GCC_C_LANGUAGE_STANDARD = gnu11;
				GCC_DYNAMIC_NO_PIC = NO;
				GCC_NO_COMMON_BLOCKS = YES;
				GCC_OPTIMIZATION_LEVEL = 0;
				GCC_PREPROCESSOR_DEFINITIONS = (
					"DEBUG=1",
					"$(inherited)",
				);
				GCC_WARN_64_TO_32_BIT_CONVERSION = YES;
				GCC_WARN_ABOUT_RETURN_TYPE = YES_ERROR;
				GCC_WARN_UNDECLARED_SELECTOR = YES;
				GCC_WARN_UNINITIALIZED_AUTOS = YES_AGGRESSIVE;
				GCC_WARN_UNUSED_FUNCTION = YES;
				GCC_WARN_UNUSED_VARIABLE = YES;
				MTL_ENABLE_DEBUG_INFO = INCLUDE_SOURCE;
				MTL_FAST_MATH = YES;
				ONLY_ACTIVE_ARCH = YES;
				SWIFT_ACTIVE_COMPILATION_CONDITIONS = DEBUG;
				SWIFT_OPTIMIZATION_LEVEL = "-Onone";
			};
			name = Debug;
		};
		D199B94F27FE1EB600FF772F /* Release */ = {
			isa = XCBuildConfiguration;
			buildSettings = {
				ALWAYS_SEARCH_USER_PATHS = NO;
				CLANG_ANALYZER_NONNULL = YES;
				CLANG_ANALYZER_NUMBER_OBJECT_CONVERSION = YES_AGGRESSIVE;
				CLANG_CXX_LANGUAGE_STANDARD = "gnu++17";
				CLANG_ENABLE_MODULES = YES;
				CLANG_ENABLE_OBJC_ARC = YES;
				CLANG_ENABLE_OBJC_WEAK = YES;
				CLANG_WARN_BLOCK_CAPTURE_AUTORELEASING = YES;
				CLANG_WARN_BOOL_CONVERSION = YES;
				CLANG_WARN_COMMA = YES;
				CLANG_WARN_CONSTANT_CONVERSION = YES;
				CLANG_WARN_DEPRECATED_OBJC_IMPLEMENTATIONS = YES;
				CLANG_WARN_DIRECT_OBJC_ISA_USAGE = YES_ERROR;
				CLANG_WARN_DOCUMENTATION_COMMENTS = YES;
				CLANG_WARN_EMPTY_BODY = YES;
				CLANG_WARN_ENUM_CONVERSION = YES;
				CLANG_WARN_INFINITE_RECURSION = YES;
				CLANG_WARN_INT_CONVERSION = YES;
				CLANG_WARN_NON_LITERAL_NULL_CONVERSION = YES;
				CLANG_WARN_OBJC_IMPLICIT_RETAIN_SELF = YES;
				CLANG_WARN_OBJC_LITERAL_CONVERSION = YES;
				CLANG_WARN_OBJC_ROOT_CLASS = YES_ERROR;
				CLANG_WARN_QUOTED_INCLUDE_IN_FRAMEWORK_HEADER = YES;
				CLANG_WARN_RANGE_LOOP_ANALYSIS = YES;
				CLANG_WARN_STRICT_PROTOTYPES = YES;
				CLANG_WARN_SUSPICIOUS_MOVE = YES;
				CLANG_WARN_UNGUARDED_AVAILABILITY = YES_AGGRESSIVE;
				CLANG_WARN_UNREACHABLE_CODE = YES;
				CLANG_WARN__DUPLICATE_METHOD_MATCH = YES;
				COPY_PHASE_STRIP = NO;
				DEBUG_INFORMATION_FORMAT = "dwarf-with-dsym";
				ENABLE_NS_ASSERTIONS = NO;
				ENABLE_STRICT_OBJC_MSGSEND = YES;
				GCC_C_LANGUAGE_STANDARD = gnu11;
				GCC_NO_COMMON_BLOCKS = YES;
				GCC_WARN_64_TO_32_BIT_CONVERSION = YES;
				GCC_WARN_ABOUT_RETURN_TYPE = YES_ERROR;
				GCC_WARN_UNDECLARED_SELECTOR = YES;
				GCC_WARN_UNINITIALIZED_AUTOS = YES_AGGRESSIVE;
				GCC_WARN_UNUSED_FUNCTION = YES;
				GCC_WARN_UNUSED_VARIABLE = YES;
				MTL_ENABLE_DEBUG_INFO = NO;
				MTL_FAST_MATH = YES;
				SWIFT_COMPILATION_MODE = wholemodule;
				SWIFT_OPTIMIZATION_LEVEL = "-O";
			};
			name = Release;
		};
		D199B95127FE1EB600FF772F /* Debug */ = {
			isa = XCBuildConfiguration;
			buildSettings = {
				ASSETCATALOG_COMPILER_APPICON_NAME = AppIcon;
				ASSETCATALOG_COMPILER_GLOBAL_ACCENT_COLOR_NAME = AccentColor;
				CODE_SIGN_STYLE = Automatic;
				CURRENT_PROJECT_VERSION = 1;
				DEVELOPMENT_TEAM = M6DV47FVL5;
				ENABLE_PREVIEWS = YES;
				GENERATE_INFOPLIST_FILE = YES;
				INFOPLIST_KEY_UIApplicationSceneManifest_Generation = YES;
				INFOPLIST_KEY_UIApplicationSupportsIndirectInputEvents = YES;
				INFOPLIST_KEY_UILaunchScreen_Generation = YES;
				INFOPLIST_KEY_UISupportedInterfaceOrientations_iPad = "UIInterfaceOrientationPortrait UIInterfaceOrientationPortraitUpsideDown UIInterfaceOrientationLandscapeLeft UIInterfaceOrientationLandscapeRight";
				INFOPLIST_KEY_UISupportedInterfaceOrientations_iPhone = "UIInterfaceOrientationPortrait UIInterfaceOrientationLandscapeLeft UIInterfaceOrientationLandscapeRight";
				IPHONEOS_DEPLOYMENT_TARGET = 15.4;
				LD_RUNPATH_SEARCH_PATHS = (
					"$(inherited)",
					"@executable_path/Frameworks",
				);
				MARKETING_VERSION = 1.0;
				PRODUCT_BUNDLE_IDENTIFIER = com.zemlyanikin.maksim.SwiftUiCounter;
				PRODUCT_NAME = SwiftUiCounter;
				SDKROOT = iphoneos;
				SWIFT_EMIT_LOC_STRINGS = YES;
				SWIFT_VERSION = 5.0;
				TARGETED_DEVICE_FAMILY = "1,2";
			};
			name = Debug;
		};
		D199B95227FE1EB600FF772F /* Release */ = {
			isa = XCBuildConfiguration;
			buildSettings = {
				ASSETCATALOG_COMPILER_APPICON_NAME = AppIcon;
				ASSETCATALOG_COMPILER_GLOBAL_ACCENT_COLOR_NAME = AccentColor;
				CODE_SIGN_STYLE = Automatic;
				CURRENT_PROJECT_VERSION = 1;
				DEVELOPMENT_TEAM = M6DV47FVL5;
				ENABLE_PREVIEWS = YES;
				GENERATE_INFOPLIST_FILE = YES;
				INFOPLIST_KEY_UIApplicationSceneManifest_Generation = YES;
				INFOPLIST_KEY_UIApplicationSupportsIndirectInputEvents = YES;
				INFOPLIST_KEY_UILaunchScreen_Generation = YES;
				INFOPLIST_KEY_UISupportedInterfaceOrientations_iPad = "UIInterfaceOrientationPortrait UIInterfaceOrientationPortraitUpsideDown UIInterfaceOrientationLandscapeLeft UIInterfaceOrientationLandscapeRight";
				INFOPLIST_KEY_UISupportedInterfaceOrientations_iPhone = "UIInterfaceOrientationPortrait UIInterfaceOrientationLandscapeLeft UIInterfaceOrientationLandscapeRight";
				IPHONEOS_DEPLOYMENT_TARGET = 15.4;
				LD_RUNPATH_SEARCH_PATHS = (
					"$(inherited)",
					"@executable_path/Frameworks",
				);
				MARKETING_VERSION = 1.0;
				PRODUCT_BUNDLE_IDENTIFIER = com.zemlyanikin.maksim.SwiftUiCounter;
				PRODUCT_NAME = SwiftUiCounter;
				SDKROOT = iphoneos;
				SWIFT_EMIT_LOC_STRINGS = YES;
				SWIFT_VERSION = 5.0;
				TARGETED_DEVICE_FAMILY = "1,2";
				VALIDATE_PRODUCT = YES;
			};
			name = Release;
		};
		D199B95427FE1EB600FF772F /* Debug */ = {
			isa = XCBuildConfiguration;
			buildSettings = {
				ASSETCATALOG_COMPILER_APPICON_NAME = AppIcon;
				ASSETCATALOG_COMPILER_GLOBAL_ACCENT_COLOR_NAME = AccentColor;
				CODE_SIGN_ENTITLEMENTS = macOS/macOS.entitlements;
				CODE_SIGN_STYLE = Automatic;
				COMBINE_HIDPI_IMAGES = YES;
				CURRENT_PROJECT_VERSION = 1;
				DEVELOPMENT_TEAM = M6DV47FVL5;
				ENABLE_HARDENED_RUNTIME = YES;
				ENABLE_PREVIEWS = YES;
				GENERATE_INFOPLIST_FILE = YES;
				INFOPLIST_KEY_NSHumanReadableCopyright = "";
				LD_RUNPATH_SEARCH_PATHS = (
					"$(inherited)",
					"@executable_path/../Frameworks",
				);
				MACOSX_DEPLOYMENT_TARGET = 12.3;
				MARKETING_VERSION = 1.0;
				PRODUCT_BUNDLE_IDENTIFIER = com.zemlyanikin.maksim.SwiftUiCounter;
				PRODUCT_NAME = SwiftUiCounter;
				SDKROOT = macosx;
				SWIFT_EMIT_LOC_STRINGS = YES;
				SWIFT_VERSION = 5.0;
			};
			name = Debug;
		};
		D199B95527FE1EB600FF772F /* Release */ = {
			isa = XCBuildConfiguration;
			buildSettings = {
				ASSETCATALOG_COMPILER_APPICON_NAME = AppIcon;
				ASSETCATALOG_COMPILER_GLOBAL_ACCENT_COLOR_NAME = AccentColor;
				CODE_SIGN_ENTITLEMENTS = macOS/macOS.entitlements;
				CODE_SIGN_STYLE = Automatic;
				COMBINE_HIDPI_IMAGES = YES;
				CURRENT_PROJECT_VERSION = 1;
				DEVELOPMENT_TEAM = M6DV47FVL5;
				ENABLE_HARDENED_RUNTIME = YES;
				ENABLE_PREVIEWS = YES;
				GENERATE_INFOPLIST_FILE = YES;
				INFOPLIST_KEY_NSHumanReadableCopyright = "";
				LD_RUNPATH_SEARCH_PATHS = (
					"$(inherited)",
					"@executable_path/../Frameworks",
				);
				MACOSX_DEPLOYMENT_TARGET = 12.3;
				MARKETING_VERSION = 1.0;
				PRODUCT_BUNDLE_IDENTIFIER = com.zemlyanikin.maksim.SwiftUiCounter;
				PRODUCT_NAME = SwiftUiCounter;
				SDKROOT = macosx;
				SWIFT_EMIT_LOC_STRINGS = YES;
				SWIFT_VERSION = 5.0;
			};
			name = Release;
		};
		D199B95727FE1EB600FF772F /* Debug */ = {
			isa = XCBuildConfiguration;
			buildSettings = {
				ALWAYS_EMBED_SWIFT_STANDARD_LIBRARIES = YES;
				CODE_SIGN_STYLE = Automatic;
				CURRENT_PROJECT_VERSION = 1;
				DEVELOPMENT_TEAM = M6DV47FVL5;
				GENERATE_INFOPLIST_FILE = YES;
				IPHONEOS_DEPLOYMENT_TARGET = 15.4;
				MARKETING_VERSION = 1.0;
				PRODUCT_BUNDLE_IDENTIFIER = "com.zemlyanikin.maksim.Tests-iOS";
				PRODUCT_NAME = "$(TARGET_NAME)";
				SDKROOT = iphoneos;
				SWIFT_EMIT_LOC_STRINGS = NO;
				SWIFT_VERSION = 5.0;
				TARGETED_DEVICE_FAMILY = "1,2";
				TEST_TARGET_NAME = "SwiftUiCounter (iOS)";
			};
			name = Debug;
		};
		D199B95827FE1EB600FF772F /* Release */ = {
			isa = XCBuildConfiguration;
			buildSettings = {
				ALWAYS_EMBED_SWIFT_STANDARD_LIBRARIES = YES;
				CODE_SIGN_STYLE = Automatic;
				CURRENT_PROJECT_VERSION = 1;
				DEVELOPMENT_TEAM = M6DV47FVL5;
				GENERATE_INFOPLIST_FILE = YES;
				IPHONEOS_DEPLOYMENT_TARGET = 15.4;
				MARKETING_VERSION = 1.0;
				PRODUCT_BUNDLE_IDENTIFIER = "com.zemlyanikin.maksim.Tests-iOS";
				PRODUCT_NAME = "$(TARGET_NAME)";
				SDKROOT = iphoneos;
				SWIFT_EMIT_LOC_STRINGS = NO;
				SWIFT_VERSION = 5.0;
				TARGETED_DEVICE_FAMILY = "1,2";
				TEST_TARGET_NAME = "SwiftUiCounter (iOS)";
				VALIDATE_PRODUCT = YES;
			};
			name = Release;
		};
		D199B95A27FE1EB600FF772F /* Debug */ = {
			isa = XCBuildConfiguration;
			buildSettings = {
				ALWAYS_EMBED_SWIFT_STANDARD_LIBRARIES = YES;
				CODE_SIGN_STYLE = Automatic;
				CURRENT_PROJECT_VERSION = 1;
				DEVELOPMENT_TEAM = M6DV47FVL5;
				GENERATE_INFOPLIST_FILE = YES;
				MACOSX_DEPLOYMENT_TARGET = 12.3;
				MARKETING_VERSION = 1.0;
				PRODUCT_BUNDLE_IDENTIFIER = "com.zemlyanikin.maksim.Tests-macOS";
				PRODUCT_NAME = "$(TARGET_NAME)";
				SDKROOT = macosx;
				SWIFT_EMIT_LOC_STRINGS = NO;
				SWIFT_VERSION = 5.0;
				TEST_TARGET_NAME = "SwiftUiCounter (macOS)";
			};
			name = Debug;
		};
		D199B95B27FE1EB600FF772F /* Release */ = {
			isa = XCBuildConfiguration;
			buildSettings = {
				ALWAYS_EMBED_SWIFT_STANDARD_LIBRARIES = YES;
				CODE_SIGN_STYLE = Automatic;
				CURRENT_PROJECT_VERSION = 1;
				DEVELOPMENT_TEAM = M6DV47FVL5;
				GENERATE_INFOPLIST_FILE = YES;
				MACOSX_DEPLOYMENT_TARGET = 12.3;
				MARKETING_VERSION = 1.0;
				PRODUCT_BUNDLE_IDENTIFIER = "com.zemlyanikin.maksim.Tests-macOS";
				PRODUCT_NAME = "$(TARGET_NAME)";
				SDKROOT = macosx;
				SWIFT_EMIT_LOC_STRINGS = NO;
				SWIFT_VERSION = 5.0;
				TEST_TARGET_NAME = "SwiftUiCounter (macOS)";
			};
			name = Release;
		};
/* End XCBuildConfiguration section */

/* Begin XCConfigurationList section */
		D199B91E27FE1EB400FF772F /* Build configuration list for PBXProject "SwiftUiCounter" */ = {
			isa = XCConfigurationList;
			buildConfigurations = (
				D199B94E27FE1EB600FF772F /* Debug */,
				D199B94F27FE1EB600FF772F /* Release */,
			);
			defaultConfigurationIsVisible = 0;
			defaultConfigurationName = Release;
		};
		D199B95027FE1EB600FF772F /* Build configuration list for PBXNativeTarget "SwiftUiCounter (iOS)" */ = {
			isa = XCConfigurationList;
			buildConfigurations = (
				D199B95127FE1EB600FF772F /* Debug */,
				D199B95227FE1EB600FF772F /* Release */,
			);
			defaultConfigurationIsVisible = 0;
			defaultConfigurationName = Release;
		};
		D199B95327FE1EB600FF772F /* Build configuration list for PBXNativeTarget "SwiftUiCounter (macOS)" */ = {
			isa = XCConfigurationList;
			buildConfigurations = (
				D199B95427FE1EB600FF772F /* Debug */,
				D199B95527FE1EB600FF772F /* Release */,
			);
			defaultConfigurationIsVisible = 0;
			defaultConfigurationName = Release;
		};
		D199B95627FE1EB600FF772F /* Build configuration list for PBXNativeTarget "Tests iOS" */ = {
			isa = XCConfigurationList;
			buildConfigurations = (
				D199B95727FE1EB600FF772F /* Debug */,
				D199B95827FE1EB600FF772F /* Release */,
			);
			defaultConfigurationIsVisible = 0;
			defaultConfigurationName = Release;
		};
		D199B95927FE1EB600FF772F /* Build configuration list for PBXNativeTarget "Tests macOS" */ = {
			isa = XCConfigurationList;
			buildConfigurations = (
				D199B95A27FE1EB600FF772F /* Debug */,
				D199B95B27FE1EB600FF772F /* Release */,
			);
			defaultConfigurationIsVisible = 0;
			defaultConfigurationName = Release;
		};
/* End XCConfigurationList section */
	};
	rootObject = D199B91B27FE1EB400FF772F /* Project object */;
}
